
Microsoft Visual Studio Solution File, Format Version 12.00
# Visual Studio 15
VisualStudioVersion = 15.0.28307.572
MinimumVisualStudioVersion = 10.0.40219.1
Project("{9A19103F-16F7-4668-BE54-9A1E7A4F7556}") = "RabbitExpress", "RabbitExpress\RabbitExpress.csproj", "{67C6ED19-422C-4FE3-8C8C-2E17F1E2E3CF}"
EndProject
Project("{2150E333-8FDC-42A3-9474-1A3956D46DE8}") = "Serializers", "Serializers", "{CAB437CE-9338-4145-B3DB-CFDCD582F5AC}"
EndProject
Project("{2150E333-8FDC-42A3-9474-1A3956D46DE8}") = "Examples", "Examples", "{A2FD14D5-4A44-4E41-8BC1-A1053B66B13C}"
EndProject
Project("{9A19103F-16F7-4668-BE54-9A1E7A4F7556}") = "RabbitExpress.Serializers.JsonSerializer", "Serializers\RabbitExpress.Serializers.JsonSerializer\RabbitExpress.Serializers.JsonSerializer.csproj", "{C8469F9C-9733-4C6E-9C5F-904910EED664}"
EndProject
Project("{9A19103F-16F7-4668-BE54-9A1E7A4F7556}") = "RabbitExpress.Serializers.MsgPackSerializer", "Serializers\RabbitExpress.Serializers.MsgPackSerializer\RabbitExpress.Serializers.MsgPackSerializer.csproj", "{D46971F3-7D55-4520-A605-42D132E8EEBA}"
EndProject
Project("{9A19103F-16F7-4668-BE54-9A1E7A4F7556}") = "RabbitExpress.Example.Shared", "Examples\RabbitExpress.Example.Shared\RabbitExpress.Example.Shared.csproj", "{794160DF-3896-44D6-861C-7933AEF12EAA}"
EndProject
Project("{9A19103F-16F7-4668-BE54-9A1E7A4F7556}") = "RabbitExpress.Example.Worker", "Examples\RabbitExpress.Example.Worker\RabbitExpress.Example.Worker.csproj", "{C4AF81B1-CF6E-4C40-B490-2D3E5EBE1571}"
EndProject
Project("{9A19103F-16F7-4668-BE54-9A1E7A4F7556}") = "RabbitExpress.Example.Publisher", "Examples\RabbitExpress.Example.Publisher\RabbitExpress.Example.Publisher.csproj", "{66E3420B-0CDD-46A7-8888-253F8254A7A4}"
EndProject
Project("{9A19103F-16F7-4668-BE54-9A1E7A4F7556}") = "RabbitExpress.Example.RpcClient", "Examples\RabbitExpress.Example.RpcClient\RabbitExpress.Example.RpcClient.csproj", "{7C5D011F-88C1-44EB-97E9-50D9F8F19769}"
EndProject
Project("{9A19103F-16F7-4668-BE54-9A1E7A4F7556}") = "RabbitExpress.Example.RpcServer", "Examples\RabbitExpress.Example.RpcServer\RabbitExpress.Example.RpcServer.csproj", "{C2CB44ED-C15D-41CC-AC09-F52FE51CD55B}"
EndProject
Global
	GlobalSection(SolutionConfigurationPlatforms) = preSolution
		Debug|Any CPU = Debug|Any CPU
		Release|Any CPU = Release|Any CPU
	EndGlobalSection
	GlobalSection(ProjectConfigurationPlatforms) = postSolution
		{67C6ED19-422C-4FE3-8C8C-2E17F1E2E3CF}.Debug|Any CPU.ActiveCfg = Debug|Any CPU
		{67C6ED19-422C-4FE3-8C8C-2E17F1E2E3CF}.Debug|Any CPU.Build.0 = Debug|Any CPU
		{67C6ED19-422C-4FE3-8C8C-2E17F1E2E3CF}.Release|Any CPU.ActiveCfg = Release|Any CPU
		{67C6ED19-422C-4FE3-8C8C-2E17F1E2E3CF}.Release|Any CPU.Build.0 = Release|Any CPU
		{C8469F9C-9733-4C6E-9C5F-904910EED664}.Debug|Any CPU.ActiveCfg = Debug|Any CPU
		{C8469F9C-9733-4C6E-9C5F-904910EED664}.Debug|Any CPU.Build.0 = Debug|Any CPU
		{C8469F9C-9733-4C6E-9C5F-904910EED664}.Release|Any CPU.ActiveCfg = Release|Any CPU
		{C8469F9C-9733-4C6E-9C5F-904910EED664}.Release|Any CPU.Build.0 = Release|Any CPU
		{D46971F3-7D55-4520-A605-42D132E8EEBA}.Debug|Any CPU.ActiveCfg = Debug|Any CPU
		{D46971F3-7D55-4520-A605-42D132E8EEBA}.Debug|Any CPU.Build.0 = Debug|Any CPU
		{D46971F3-7D55-4520-A605-42D132E8EEBA}.Release|Any CPU.ActiveCfg = Release|Any CPU
		{D46971F3-7D55-4520-A605-42D132E8EEBA}.Release|Any CPU.Build.0 = Release|Any CPU
		{794160DF-3896-44D6-861C-7933AEF12EAA}.Debug|Any CPU.ActiveCfg = Debug|Any CPU
		{794160DF-3896-44D6-861C-7933AEF12EAA}.Debug|Any CPU.Build.0 = Debug|Any CPU
		{794160DF-3896-44D6-861C-7933AEF12EAA}.Release|Any CPU.ActiveCfg = Release|Any CPU
		{794160DF-3896-44D6-861C-7933AEF12EAA}.Release|Any CPU.Build.0 = Release|Any CPU
		{C4AF81B1-CF6E-4C40-B490-2D3E5EBE1571}.Debug|Any CPU.ActiveCfg = Debug|Any CPU
		{C4AF81B1-CF6E-4C40-B490-2D3E5EBE1571}.Debug|Any CPU.Build.0 = Debug|Any CPU
		{C4AF81B1-CF6E-4C40-B490-2D3E5EBE1571}.Release|Any CPU.ActiveCfg = Release|Any CPU
		{C4AF81B1-CF6E-4C40-B490-2D3E5EBE1571}.Release|Any CPU.Build.0 = Release|Any CPU
		{66E3420B-0CDD-46A7-8888-253F8254A7A4}.Debug|Any CPU.ActiveCfg = Debug|Any CPU
		{66E3420B-0CDD-46A7-8888-253F8254A7A4}.Debug|Any CPU.Build.0 = Debug|Any CPU
		{66E3420B-0CDD-46A7-8888-253F8254A7A4}.Release|Any CPU.ActiveCfg = Release|Any CPU
		{66E3420B-0CDD-46A7-8888-253F8254A7A4}.Release|Any CPU.Build.0 = Release|Any CPU
		{7C5D011F-88C1-44EB-97E9-50D9F8F19769}.Debug|Any CPU.ActiveCfg = Debug|Any CPU
		{7C5D011F-88C1-44EB-97E9-50D9F8F19769}.Debug|Any CPU.Build.0 = Debug|Any CPU
		{7C5D011F-88C1-44EB-97E9-50D9F8F19769}.Release|Any CPU.ActiveCfg = Release|Any CPU
		{7C5D011F-88C1-44EB-97E9-50D9F8F19769}.Release|Any CPU.Build.0 = Release|Any CPU
		{C2CB44ED-C15D-41CC-AC09-F52FE51CD55B}.Debug|Any CPU.ActiveCfg = Debug|Any CPU
		{C2CB44ED-C15D-41CC-AC09-F52FE51CD55B}.Debug|Any CPU.Build.0 = Debug|Any CPU
		{C2CB44ED-C15D-41CC-AC09-F52FE51CD55B}.Release|Any CPU.ActiveCfg = Release|Any CPU
		{C2CB44ED-C15D-41CC-AC09-F52FE51CD55B}.Release|Any CPU.Build.0 = Release|Any CPU
	EndGlobalSection
	GlobalSection(SolutionProperties) = preSolution
		HideSolutionNode = FALSE
	EndGlobalSection
	GlobalSection(NestedProjects) = preSolution
		{C8469F9C-9733-4C6E-9C5F-904910EED664} = {CAB437CE-9338-4145-B3DB-CFDCD582F5AC}
		{D46971F3-7D55-4520-A605-42D132E8EEBA} = {CAB437CE-9338-4145-B3DB-CFDCD582F5AC}
		{794160DF-3896-44D6-861C-7933AEF12EAA} = {A2FD14D5-4A44-4E41-8BC1-A1053B66B13C}
		{C4AF81B1-CF6E-4C40-B490-2D3E5EBE1571} = {A2FD14D5-4A44-4E41-8BC1-A1053B66B13C}
		{66E3420B-0CDD-46A7-8888-253F8254A7A4} = {A2FD14D5-4A44-4E41-8BC1-A1053B66B13C}
		{7C5D011F-88C1-44EB-97E9-50D9F8F19769} = {A2FD14D5-4A44-4E41-8BC1-A1053B66B13C}
		{C2CB44ED-C15D-41CC-AC09-F52FE51CD55B} = {A2FD14D5-4A44-4E41-8BC1-A1053B66B13C}
	EndGlobalSection
	GlobalSection(ExtensibilityGlobals) = postSolution
		SolutionGuid = {BF70BF27-3349-4C09-AE71-10DA8DAC2225}
	EndGlobalSection
EndGlobal
